
Microsoft Visual Studio Solution File, Format Version 12.00
# Visual Studio Version 17
VisualStudioVersion = 17.0.32014.148
MinimumVisualStudioVersion = 10.0.40219.1
Project("{9A19103F-16F7-4668-BE54-9A1E7A4F7556}") = "GestaoFornecedor", "GestaoFornecedor.csproj", "{7735004D-C024-4FD4-B085-DEBCD4C2E0F4}"
EndProject
Global
	GlobalSection(SolutionConfigurationPlatforms) = preSolution
		Debug|Any CPU = Debug|Any CPU
		Release|Any CPU = Release|Any CPU
	EndGlobalSection
	GlobalSection(ProjectConfigurationPlatforms) = postSolution
		{7735004D-C024-4FD4-B085-DEBCD4C2E0F4}.Debug|Any CPU.ActiveCfg = Debug|Any CPU
		{7735004D-C024-4FD4-B085-DEBCD4C2E0F4}.Debug|Any CPU.Build.0 = Debug|Any CPU
		{7735004D-C024-4FD4-B085-DEBCD4C2E0F4}.Release|Any CPU.ActiveCfg = Release|Any CPU
		{7735004D-C024-4FD4-B085-DEBCD4C2E0F4}.Release|Any CPU.Build.0 = Release|Any CPU
	EndGlobalSection
	GlobalSection(SolutionProperties) = preSolution
		HideSolutionNode = FALSE
	EndGlobalSection
	GlobalSection(ExtensibilityGlobals) = postSolution
		SolutionGuid = {A36250C5-C6CE-4C7B-8B12-0BB373F66E16}
	EndGlobalSection
EndGlobal
